
Microsoft Visual Studio Solution File, Format Version 12.00
# Visual Studio Version 16
VisualStudioVersion = 16.0.29613.14
MinimumVisualStudioVersion = 10.0.40219.1
Project("{FAE04EC0-301F-11D3-BF4B-00C04F79EFBC}") = "musica3.0", "musica3.0\musica3.0.csproj", "{B84C7E4C-42FA-416B-A74B-60B8C69573D9}"
EndProject
Global
	GlobalSection(SolutionConfigurationPlatforms) = preSolution
		Debug|Any CPU = Debug|Any CPU
		Release|Any CPU = Release|Any CPU
	EndGlobalSection
	GlobalSection(ProjectConfigurationPlatforms) = postSolution
		{B84C7E4C-42FA-416B-A74B-60B8C69573D9}.Debug|Any CPU.ActiveCfg = Debug|Any CPU
		{B84C7E4C-42FA-416B-A74B-60B8C69573D9}.Debug|Any CPU.Build.0 = Debug|Any CPU
		{B84C7E4C-42FA-416B-A74B-60B8C69573D9}.Release|Any CPU.ActiveCfg = Release|Any CPU
		{B84C7E4C-42FA-416B-A74B-60B8C69573D9}.Release|Any CPU.Build.0 = Release|Any CPU
	EndGlobalSection
	GlobalSection(SolutionProperties) = preSolution
		HideSolutionNode = FALSE
	EndGlobalSection
	GlobalSection(ExtensibilityGlobals) = postSolution
		SolutionGuid = {B8EDC2E3-3481-44E3-B738-21F8B18A4FF7}
	EndGlobalSection
EndGlobal
